
Microsoft Visual Studio Solution File, Format Version 12.00
# Visual Studio Version 17
VisualStudioVersion = 17.1.32407.343
MinimumVisualStudioVersion = 10.0.40219.1
Project("{9A19103F-16F7-4668-BE54-9A1E7A4F7556}") = "Sassa.BRM", "Sassa.BRM\Sassa.BRM.csproj", "{9610F50B-D458-459A-BD7C-ACD3B510BE6D}"
EndProject
Project("{9A19103F-16F7-4668-BE54-9A1E7A4F7556}") = "Sassa.Barcoder", "Sassa.Barcoder\Sassa.Barcoder.csproj", "{BA486DA0-8D96-4F16-9620-32F039322255}"
EndProject
Project("{2150E333-8FDC-42A3-9474-1A3956D46DE8}") = "Solution Items", "Solution Items", "{A8B7B77B-A480-45F8-A09C-A7E47F16E9E8}"
	ProjectSection(SolutionItems) = preProject
		.editorconfig = .editorconfig
	EndProjectSection
EndProject
Project("{9A19103F-16F7-4668-BE54-9A1E7A4F7556}") = "Sassa.BRM.Data", "Sassa.BRM.Data\Sassa.BRM.Data.csproj", "{07D09F37-05A4-40C8-B52B-05C794BCE51F}"
EndProject
Project("{9A19103F-16F7-4668-BE54-9A1E7A4F7556}") = "razor.Components", "razor.Components\razor.Components.csproj", "{8D8F7486-9F79-4D36-B196-F1EB4363F4AA}"
EndProject
Project("{2150E333-8FDC-42A3-9474-1A3956D46DE8}") = "SQL", "SQL", "{2EE5C454-61EE-440F-A3E3-F7A4FC7827CE}"
	ProjectSection(SolutionItems) = preProject
		DeploymentOct2021.sql = DeploymentOct2021.sql
	EndProjectSection
EndProject
Project("{9A19103F-16F7-4668-BE54-9A1E7A4F7556}") = "Sassa.QrCoder", "Sassa.QrCoder\Sassa.QrCoder.csproj", "{3C0A639A-912D-42C2-A9B4-DC31A669ADB4}"
EndProject
Project("{9A19103F-16F7-4668-BE54-9A1E7A4F7556}") = "Sassa.BRMDcSocpenService", "Sassa.BRMDcSocpenService\Sassa.BRMDcSocpenService.csproj", "{466B2FFC-C1BD-451A-B8BD-507E419A478A}"
EndProject
Project("{9A19103F-16F7-4668-BE54-9A1E7A4F7556}") = "Sassa.Socpen.Data", "Sassa.Socpen.Data\Sassa.Socpen.Data.csproj", "{416CEE59-F66F-4606-AEA0-93DE786EA062}"
EndProject
Project("{9A19103F-16F7-4668-BE54-9A1E7A4F7556}") = "Sassa.Brm.Api", "Sassa.Brm.Api\Sassa.Brm.Api.csproj", "{A045A621-5452-46D5-AC75-95FA5E0A90F8}"
EndProject
Project("{9A19103F-16F7-4668-BE54-9A1E7A4F7556}") = "Sassa.EmailClient", "Sassa.EmailClient\Sassa.EmailClient.csproj", "{A17CF140-0B17-435D-9BF3-ED796BB7DFF0}"
EndProject
Project("{9A19103F-16F7-4668-BE54-9A1E7A4F7556}") = "Sassa.Monitor.Shared", "Sassa.Monitor.Shared\Sassa.Monitor.Shared.csproj", "{DFE916A4-E2C1-4783-8192-C5743E5A0CC6}"
EndProject
Project("{9A19103F-16F7-4668-BE54-9A1E7A4F7556}") = "Sassa.Monitor.AppHost", "Sassa.Monitor\Sassa.Monitor.AppHost\Sassa.Monitor.AppHost.csproj", "{E47B3116-A46C-4100-BABF-8313ADE3E12C}"
EndProject
Project("{9A19103F-16F7-4668-BE54-9A1E7A4F7556}") = "Sassa.Monitor.ServiceDefaults", "Sassa.Monitor\Sassa.Monitor.ServiceDefaults\Sassa.Monitor.ServiceDefaults.csproj", "{3D335204-088B-411B-8A0A-977EE2D880A9}"
EndProject
Project("{9A19103F-16F7-4668-BE54-9A1E7A4F7556}") = "Sassa.Monitor.ApiService", "Sassa.Monitor\Sassa.Monitor.ApiService\Sassa.Monitor.ApiService.csproj", "{CA90EE36-CAC6-48DF-B032-550070C68AD0}"
EndProject
Project("{9A19103F-16F7-4668-BE54-9A1E7A4F7556}") = "Sassa.Monitor.Web", "Sassa.Monitor\Sassa.Monitor.Web\Sassa.Monitor.Web.csproj", "{0FF0E178-9FDF-4099-AEEA-E75E0A32C478}"
EndProject
Project("{9A19103F-16F7-4668-BE54-9A1E7A4F7556}") = "Sassa.eServices.Admin", "Sassa.eServices.Admin\Sassa.eServices.Admin.csproj", "{E2D79769-3E45-4234-B5BC-59177A80BBF9}"
	ProjectSection(ProjectDependencies) = postProject
		{07D09F37-05A4-40C8-B52B-05C794BCE51F} = {07D09F37-05A4-40C8-B52B-05C794BCE51F}
	EndProjectSection
EndProject
Global
	GlobalSection(SolutionConfigurationPlatforms) = preSolution
		Debug|Any CPU = Debug|Any CPU
		Debug|ARM = Debug|ARM
		Debug|ARM64 = Debug|ARM64
		Debug|x64 = Debug|x64
		Debug|x86 = Debug|x86
		Release|Any CPU = Release|Any CPU
		Release|ARM = Release|ARM
		Release|ARM64 = Release|ARM64
		Release|x64 = Release|x64
		Release|x86 = Release|x86
	EndGlobalSection
	GlobalSection(ProjectConfigurationPlatforms) = postSolution
		{9610F50B-D458-459A-BD7C-ACD3B510BE6D}.Debug|Any CPU.ActiveCfg = Debug|Any CPU
		{9610F50B-D458-459A-BD7C-ACD3B510BE6D}.Debug|Any CPU.Build.0 = Debug|Any CPU
		{9610F50B-D458-459A-BD7C-ACD3B510BE6D}.Debug|ARM.ActiveCfg = Debug|Any CPU
		{9610F50B-D458-459A-BD7C-ACD3B510BE6D}.Debug|ARM.Build.0 = Debug|Any CPU
		{9610F50B-D458-459A-BD7C-ACD3B510BE6D}.Debug|ARM64.ActiveCfg = Debug|Any CPU
		{9610F50B-D458-459A-BD7C-ACD3B510BE6D}.Debug|ARM64.Build.0 = Debug|Any CPU
		{9610F50B-D458-459A-BD7C-ACD3B510BE6D}.Debug|x64.ActiveCfg = Debug|Any CPU
		{9610F50B-D458-459A-BD7C-ACD3B510BE6D}.Debug|x64.Build.0 = Debug|Any CPU
		{9610F50B-D458-459A-BD7C-ACD3B510BE6D}.Debug|x86.ActiveCfg = Debug|Any CPU
		{9610F50B-D458-459A-BD7C-ACD3B510BE6D}.Debug|x86.Build.0 = Debug|Any CPU
		{9610F50B-D458-459A-BD7C-ACD3B510BE6D}.Release|Any CPU.ActiveCfg = Release|Any CPU
		{9610F50B-D458-459A-BD7C-ACD3B510BE6D}.Release|Any CPU.Build.0 = Release|Any CPU
		{9610F50B-D458-459A-BD7C-ACD3B510BE6D}.Release|ARM.ActiveCfg = Release|Any CPU
		{9610F50B-D458-459A-BD7C-ACD3B510BE6D}.Release|ARM.Build.0 = Release|Any CPU
		{9610F50B-D458-459A-BD7C-ACD3B510BE6D}.Release|ARM64.ActiveCfg = Release|Any CPU
		{9610F50B-D458-459A-BD7C-ACD3B510BE6D}.Release|ARM64.Build.0 = Release|Any CPU
		{9610F50B-D458-459A-BD7C-ACD3B510BE6D}.Release|x64.ActiveCfg = Release|Any CPU
		{9610F50B-D458-459A-BD7C-ACD3B510BE6D}.Release|x64.Build.0 = Release|Any CPU
		{9610F50B-D458-459A-BD7C-ACD3B510BE6D}.Release|x86.ActiveCfg = Release|Any CPU
		{9610F50B-D458-459A-BD7C-ACD3B510BE6D}.Release|x86.Build.0 = Release|Any CPU
		{BA486DA0-8D96-4F16-9620-32F039322255}.Debug|Any CPU.ActiveCfg = Debug|Any CPU
		{BA486DA0-8D96-4F16-9620-32F039322255}.Debug|Any CPU.Build.0 = Debug|Any CPU
		{BA486DA0-8D96-4F16-9620-32F039322255}.Debug|ARM.ActiveCfg = Debug|Any CPU
		{BA486DA0-8D96-4F16-9620-32F039322255}.Debug|ARM.Build.0 = Debug|Any CPU
		{BA486DA0-8D96-4F16-9620-32F039322255}.Debug|ARM64.ActiveCfg = Debug|Any CPU
		{BA486DA0-8D96-4F16-9620-32F039322255}.Debug|ARM64.Build.0 = Debug|Any CPU
		{BA486DA0-8D96-4F16-9620-32F039322255}.Debug|x64.ActiveCfg = Debug|Any CPU
		{BA486DA0-8D96-4F16-9620-32F039322255}.Debug|x64.Build.0 = Debug|Any CPU
		{BA486DA0-8D96-4F16-9620-32F039322255}.Debug|x86.ActiveCfg = Debug|Any CPU
		{BA486DA0-8D96-4F16-9620-32F039322255}.Debug|x86.Build.0 = Debug|Any CPU
		{BA486DA0-8D96-4F16-9620-32F039322255}.Release|Any CPU.ActiveCfg = Release|Any CPU
		{BA486DA0-8D96-4F16-9620-32F039322255}.Release|Any CPU.Build.0 = Release|Any CPU
		{BA486DA0-8D96-4F16-9620-32F039322255}.Release|ARM.ActiveCfg = Release|Any CPU
		{BA486DA0-8D96-4F16-9620-32F039322255}.Release|ARM.Build.0 = Release|Any CPU
		{BA486DA0-8D96-4F16-9620-32F039322255}.Release|ARM64.ActiveCfg = Release|Any CPU
		{BA486DA0-8D96-4F16-9620-32F039322255}.Release|ARM64.Build.0 = Release|Any CPU
		{BA486DA0-8D96-4F16-9620-32F039322255}.Release|x64.ActiveCfg = Release|Any CPU
		{BA486DA0-8D96-4F16-9620-32F039322255}.Release|x64.Build.0 = Release|Any CPU
		{BA486DA0-8D96-4F16-9620-32F039322255}.Release|x86.ActiveCfg = Release|Any CPU
		{BA486DA0-8D96-4F16-9620-32F039322255}.Release|x86.Build.0 = Release|Any CPU
		{07D09F37-05A4-40C8-B52B-05C794BCE51F}.Debug|Any CPU.ActiveCfg = Debug|Any CPU
		{07D09F37-05A4-40C8-B52B-05C794BCE51F}.Debug|Any CPU.Build.0 = Debug|Any CPU
		{07D09F37-05A4-40C8-B52B-05C794BCE51F}.Debug|ARM.ActiveCfg = Debug|Any CPU
		{07D09F37-05A4-40C8-B52B-05C794BCE51F}.Debug|ARM.Build.0 = Debug|Any CPU
		{07D09F37-05A4-40C8-B52B-05C794BCE51F}.Debug|ARM64.ActiveCfg = Debug|Any CPU
		{07D09F37-05A4-40C8-B52B-05C794BCE51F}.Debug|ARM64.Build.0 = Debug|Any CPU
		{07D09F37-05A4-40C8-B52B-05C794BCE51F}.Debug|x64.ActiveCfg = Debug|Any CPU
		{07D09F37-05A4-40C8-B52B-05C794BCE51F}.Debug|x64.Build.0 = Debug|Any CPU
		{07D09F37-05A4-40C8-B52B-05C794BCE51F}.Debug|x86.ActiveCfg = Debug|Any CPU
		{07D09F37-05A4-40C8-B52B-05C794BCE51F}.Debug|x86.Build.0 = Debug|Any CPU
		{07D09F37-05A4-40C8-B52B-05C794BCE51F}.Release|Any CPU.ActiveCfg = Release|Any CPU
		{07D09F37-05A4-40C8-B52B-05C794BCE51F}.Release|Any CPU.Build.0 = Release|Any CPU
		{07D09F37-05A4-40C8-B52B-05C794BCE51F}.Release|ARM.ActiveCfg = Release|Any CPU
		{07D09F37-05A4-40C8-B52B-05C794BCE51F}.Release|ARM.Build.0 = Release|Any CPU
		{07D09F37-05A4-40C8-B52B-05C794BCE51F}.Release|ARM64.ActiveCfg = Release|Any CPU
		{07D09F37-05A4-40C8-B52B-05C794BCE51F}.Release|ARM64.Build.0 = Release|Any CPU
		{07D09F37-05A4-40C8-B52B-05C794BCE51F}.Release|x64.ActiveCfg = Release|Any CPU
		{07D09F37-05A4-40C8-B52B-05C794BCE51F}.Release|x64.Build.0 = Release|Any CPU
		{07D09F37-05A4-40C8-B52B-05C794BCE51F}.Release|x86.ActiveCfg = Release|Any CPU
		{07D09F37-05A4-40C8-B52B-05C794BCE51F}.Release|x86.Build.0 = Release|Any CPU
		{8D8F7486-9F79-4D36-B196-F1EB4363F4AA}.Debug|Any CPU.ActiveCfg = Debug|Any CPU
		{8D8F7486-9F79-4D36-B196-F1EB4363F4AA}.Debug|Any CPU.Build.0 = Debug|Any CPU
		{8D8F7486-9F79-4D36-B196-F1EB4363F4AA}.Debug|ARM.ActiveCfg = Debug|Any CPU
		{8D8F7486-9F79-4D36-B196-F1EB4363F4AA}.Debug|ARM.Build.0 = Debug|Any CPU
		{8D8F7486-9F79-4D36-B196-F1EB4363F4AA}.Debug|ARM64.ActiveCfg = Debug|Any CPU
		{8D8F7486-9F79-4D36-B196-F1EB4363F4AA}.Debug|ARM64.Build.0 = Debug|Any CPU
		{8D8F7486-9F79-4D36-B196-F1EB4363F4AA}.Debug|x64.ActiveCfg = Debug|Any CPU
		{8D8F7486-9F79-4D36-B196-F1EB4363F4AA}.Debug|x64.Build.0 = Debug|Any CPU
		{8D8F7486-9F79-4D36-B196-F1EB4363F4AA}.Debug|x86.ActiveCfg = Debug|Any CPU
		{8D8F7486-9F79-4D36-B196-F1EB4363F4AA}.Debug|x86.Build.0 = Debug|Any CPU
		{8D8F7486-9F79-4D36-B196-F1EB4363F4AA}.Release|Any CPU.ActiveCfg = Release|Any CPU
		{8D8F7486-9F79-4D36-B196-F1EB4363F4AA}.Release|Any CPU.Build.0 = Release|Any CPU
		{8D8F7486-9F79-4D36-B196-F1EB4363F4AA}.Release|ARM.ActiveCfg = Release|Any CPU
		{8D8F7486-9F79-4D36-B196-F1EB4363F4AA}.Release|ARM.Build.0 = Release|Any CPU
		{8D8F7486-9F79-4D36-B196-F1EB4363F4AA}.Release|ARM64.ActiveCfg = Release|Any CPU
		{8D8F7486-9F79-4D36-B196-F1EB4363F4AA}.Release|ARM64.Build.0 = Release|Any CPU
		{8D8F7486-9F79-4D36-B196-F1EB4363F4AA}.Release|x64.ActiveCfg = Release|Any CPU
		{8D8F7486-9F79-4D36-B196-F1EB4363F4AA}.Release|x64.Build.0 = Release|Any CPU
		{8D8F7486-9F79-4D36-B196-F1EB4363F4AA}.Release|x86.ActiveCfg = Release|Any CPU
		{8D8F7486-9F79-4D36-B196-F1EB4363F4AA}.Release|x86.Build.0 = Release|Any CPU
		{3C0A639A-912D-42C2-A9B4-DC31A669ADB4}.Debug|Any CPU.ActiveCfg = Debug|Any CPU
		{3C0A639A-912D-42C2-A9B4-DC31A669ADB4}.Debug|Any CPU.Build.0 = Debug|Any CPU
		{3C0A639A-912D-42C2-A9B4-DC31A669ADB4}.Debug|ARM.ActiveCfg = Debug|Any CPU
		{3C0A639A-912D-42C2-A9B4-DC31A669ADB4}.Debug|ARM.Build.0 = Debug|Any CPU
		{3C0A639A-912D-42C2-A9B4-DC31A669ADB4}.Debug|ARM64.ActiveCfg = Debug|Any CPU
		{3C0A639A-912D-42C2-A9B4-DC31A669ADB4}.Debug|ARM64.Build.0 = Debug|Any CPU
		{3C0A639A-912D-42C2-A9B4-DC31A669ADB4}.Debug|x64.ActiveCfg = Debug|Any CPU
		{3C0A639A-912D-42C2-A9B4-DC31A669ADB4}.Debug|x64.Build.0 = Debug|Any CPU
		{3C0A639A-912D-42C2-A9B4-DC31A669ADB4}.Debug|x86.ActiveCfg = Debug|Any CPU
		{3C0A639A-912D-42C2-A9B4-DC31A669ADB4}.Debug|x86.Build.0 = Debug|Any CPU
		{3C0A639A-912D-42C2-A9B4-DC31A669ADB4}.Release|Any CPU.ActiveCfg = Release|Any CPU
		{3C0A639A-912D-42C2-A9B4-DC31A669ADB4}.Release|Any CPU.Build.0 = Release|Any CPU
		{3C0A639A-912D-42C2-A9B4-DC31A669ADB4}.Release|ARM.ActiveCfg = Release|Any CPU
		{3C0A639A-912D-42C2-A9B4-DC31A669ADB4}.Release|ARM.Build.0 = Release|Any CPU
		{3C0A639A-912D-42C2-A9B4-DC31A669ADB4}.Release|ARM64.ActiveCfg = Release|Any CPU
		{3C0A639A-912D-42C2-A9B4-DC31A669ADB4}.Release|ARM64.Build.0 = Release|Any CPU
		{3C0A639A-912D-42C2-A9B4-DC31A669ADB4}.Release|x64.ActiveCfg = Release|Any CPU
		{3C0A639A-912D-42C2-A9B4-DC31A669ADB4}.Release|x64.Build.0 = Release|Any CPU
		{3C0A639A-912D-42C2-A9B4-DC31A669ADB4}.Release|x86.ActiveCfg = Release|Any CPU
		{3C0A639A-912D-42C2-A9B4-DC31A669ADB4}.Release|x86.Build.0 = Release|Any CPU
		{466B2FFC-C1BD-451A-B8BD-507E419A478A}.Debug|Any CPU.ActiveCfg = Debug|Any CPU
		{466B2FFC-C1BD-451A-B8BD-507E419A478A}.Debug|Any CPU.Build.0 = Debug|Any CPU
		{466B2FFC-C1BD-451A-B8BD-507E419A478A}.Debug|ARM.ActiveCfg = Debug|Any CPU
		{466B2FFC-C1BD-451A-B8BD-507E419A478A}.Debug|ARM.Build.0 = Debug|Any CPU
		{466B2FFC-C1BD-451A-B8BD-507E419A478A}.Debug|ARM64.ActiveCfg = Debug|Any CPU
		{466B2FFC-C1BD-451A-B8BD-507E419A478A}.Debug|ARM64.Build.0 = Debug|Any CPU
		{466B2FFC-C1BD-451A-B8BD-507E419A478A}.Debug|x64.ActiveCfg = Debug|Any CPU
		{466B2FFC-C1BD-451A-B8BD-507E419A478A}.Debug|x64.Build.0 = Debug|Any CPU
		{466B2FFC-C1BD-451A-B8BD-507E419A478A}.Debug|x86.ActiveCfg = Debug|Any CPU
		{466B2FFC-C1BD-451A-B8BD-507E419A478A}.Debug|x86.Build.0 = Debug|Any CPU
		{466B2FFC-C1BD-451A-B8BD-507E419A478A}.Release|Any CPU.ActiveCfg = Release|Any CPU
		{466B2FFC-C1BD-451A-B8BD-507E419A478A}.Release|Any CPU.Build.0 = Release|Any CPU
		{466B2FFC-C1BD-451A-B8BD-507E419A478A}.Release|ARM.ActiveCfg = Release|Any CPU
		{466B2FFC-C1BD-451A-B8BD-507E419A478A}.Release|ARM.Build.0 = Release|Any CPU
		{466B2FFC-C1BD-451A-B8BD-507E419A478A}.Release|ARM64.ActiveCfg = Release|Any CPU
		{466B2FFC-C1BD-451A-B8BD-507E419A478A}.Release|ARM64.Build.0 = Release|Any CPU
		{466B2FFC-C1BD-451A-B8BD-507E419A478A}.Release|x64.ActiveCfg = Release|Any CPU
		{466B2FFC-C1BD-451A-B8BD-507E419A478A}.Release|x64.Build.0 = Release|Any CPU
		{466B2FFC-C1BD-451A-B8BD-507E419A478A}.Release|x86.ActiveCfg = Release|Any CPU
		{466B2FFC-C1BD-451A-B8BD-507E419A478A}.Release|x86.Build.0 = Release|Any CPU
		{416CEE59-F66F-4606-AEA0-93DE786EA062}.Debug|Any CPU.ActiveCfg = Debug|Any CPU
		{416CEE59-F66F-4606-AEA0-93DE786EA062}.Debug|Any CPU.Build.0 = Debug|Any CPU
		{416CEE59-F66F-4606-AEA0-93DE786EA062}.Debug|ARM.ActiveCfg = Debug|Any CPU
		{416CEE59-F66F-4606-AEA0-93DE786EA062}.Debug|ARM.Build.0 = Debug|Any CPU
		{416CEE59-F66F-4606-AEA0-93DE786EA062}.Debug|ARM64.ActiveCfg = Debug|Any CPU
		{416CEE59-F66F-4606-AEA0-93DE786EA062}.Debug|ARM64.Build.0 = Debug|Any CPU
		{416CEE59-F66F-4606-AEA0-93DE786EA062}.Debug|x64.ActiveCfg = Debug|Any CPU
		{416CEE59-F66F-4606-AEA0-93DE786EA062}.Debug|x64.Build.0 = Debug|Any CPU
		{416CEE59-F66F-4606-AEA0-93DE786EA062}.Debug|x86.ActiveCfg = Debug|Any CPU
		{416CEE59-F66F-4606-AEA0-93DE786EA062}.Debug|x86.Build.0 = Debug|Any CPU
		{416CEE59-F66F-4606-AEA0-93DE786EA062}.Release|Any CPU.ActiveCfg = Release|Any CPU
		{416CEE59-F66F-4606-AEA0-93DE786EA062}.Release|Any CPU.Build.0 = Release|Any CPU
		{416CEE59-F66F-4606-AEA0-93DE786EA062}.Release|ARM.ActiveCfg = Release|Any CPU
		{416CEE59-F66F-4606-AEA0-93DE786EA062}.Release|ARM.Build.0 = Release|Any CPU
		{416CEE59-F66F-4606-AEA0-93DE786EA062}.Release|ARM64.ActiveCfg = Release|Any CPU
		{416CEE59-F66F-4606-AEA0-93DE786EA062}.Release|ARM64.Build.0 = Release|Any CPU
		{416CEE59-F66F-4606-AEA0-93DE786EA062}.Release|x64.ActiveCfg = Release|Any CPU
		{416CEE59-F66F-4606-AEA0-93DE786EA062}.Release|x64.Build.0 = Release|Any CPU
		{416CEE59-F66F-4606-AEA0-93DE786EA062}.Release|x86.ActiveCfg = Release|Any CPU
		{416CEE59-F66F-4606-AEA0-93DE786EA062}.Release|x86.Build.0 = Release|Any CPU
		{A045A621-5452-46D5-AC75-95FA5E0A90F8}.Debug|Any CPU.ActiveCfg = Debug|Any CPU
		{A045A621-5452-46D5-AC75-95FA5E0A90F8}.Debug|Any CPU.Build.0 = Debug|Any CPU
		{A045A621-5452-46D5-AC75-95FA5E0A90F8}.Debug|ARM.ActiveCfg = Debug|Any CPU
		{A045A621-5452-46D5-AC75-95FA5E0A90F8}.Debug|ARM.Build.0 = Debug|Any CPU
		{A045A621-5452-46D5-AC75-95FA5E0A90F8}.Debug|ARM64.ActiveCfg = Debug|Any CPU
		{A045A621-5452-46D5-AC75-95FA5E0A90F8}.Debug|ARM64.Build.0 = Debug|Any CPU
		{A045A621-5452-46D5-AC75-95FA5E0A90F8}.Debug|x64.ActiveCfg = Debug|Any CPU
		{A045A621-5452-46D5-AC75-95FA5E0A90F8}.Debug|x64.Build.0 = Debug|Any CPU
		{A045A621-5452-46D5-AC75-95FA5E0A90F8}.Debug|x86.ActiveCfg = Debug|Any CPU
		{A045A621-5452-46D5-AC75-95FA5E0A90F8}.Debug|x86.Build.0 = Debug|Any CPU
		{A045A621-5452-46D5-AC75-95FA5E0A90F8}.Release|Any CPU.ActiveCfg = Release|Any CPU
		{A045A621-5452-46D5-AC75-95FA5E0A90F8}.Release|Any CPU.Build.0 = Release|Any CPU
		{A045A621-5452-46D5-AC75-95FA5E0A90F8}.Release|ARM.ActiveCfg = Release|Any CPU
		{A045A621-5452-46D5-AC75-95FA5E0A90F8}.Release|ARM.Build.0 = Release|Any CPU
		{A045A621-5452-46D5-AC75-95FA5E0A90F8}.Release|ARM64.ActiveCfg = Release|Any CPU
		{A045A621-5452-46D5-AC75-95FA5E0A90F8}.Release|ARM64.Build.0 = Release|Any CPU
		{A045A621-5452-46D5-AC75-95FA5E0A90F8}.Release|x64.ActiveCfg = Release|Any CPU
		{A045A621-5452-46D5-AC75-95FA5E0A90F8}.Release|x64.Build.0 = Release|Any CPU
		{A045A621-5452-46D5-AC75-95FA5E0A90F8}.Release|x86.ActiveCfg = Release|Any CPU
		{A045A621-5452-46D5-AC75-95FA5E0A90F8}.Release|x86.Build.0 = Release|Any CPU
		{A17CF140-0B17-435D-9BF3-ED796BB7DFF0}.Debug|Any CPU.ActiveCfg = Debug|Any CPU
		{A17CF140-0B17-435D-9BF3-ED796BB7DFF0}.Debug|Any CPU.Build.0 = Debug|Any CPU
		{A17CF140-0B17-435D-9BF3-ED796BB7DFF0}.Debug|ARM.ActiveCfg = Debug|Any CPU
		{A17CF140-0B17-435D-9BF3-ED796BB7DFF0}.Debug|ARM.Build.0 = Debug|Any CPU
		{A17CF140-0B17-435D-9BF3-ED796BB7DFF0}.Debug|ARM64.ActiveCfg = Debug|Any CPU
		{A17CF140-0B17-435D-9BF3-ED796BB7DFF0}.Debug|ARM64.Build.0 = Debug|Any CPU
		{A17CF140-0B17-435D-9BF3-ED796BB7DFF0}.Debug|x64.ActiveCfg = Debug|Any CPU
		{A17CF140-0B17-435D-9BF3-ED796BB7DFF0}.Debug|x64.Build.0 = Debug|Any CPU
		{A17CF140-0B17-435D-9BF3-ED796BB7DFF0}.Debug|x86.ActiveCfg = Debug|Any CPU
		{A17CF140-0B17-435D-9BF3-ED796BB7DFF0}.Debug|x86.Build.0 = Debug|Any CPU
		{A17CF140-0B17-435D-9BF3-ED796BB7DFF0}.Release|Any CPU.ActiveCfg = Release|Any CPU
		{A17CF140-0B17-435D-9BF3-ED796BB7DFF0}.Release|Any CPU.Build.0 = Release|Any CPU
		{A17CF140-0B17-435D-9BF3-ED796BB7DFF0}.Release|ARM.ActiveCfg = Release|Any CPU
		{A17CF140-0B17-435D-9BF3-ED796BB7DFF0}.Release|ARM.Build.0 = Release|Any CPU
		{A17CF140-0B17-435D-9BF3-ED796BB7DFF0}.Release|ARM64.ActiveCfg = Release|Any CPU
		{A17CF140-0B17-435D-9BF3-ED796BB7DFF0}.Release|ARM64.Build.0 = Release|Any CPU
		{A17CF140-0B17-435D-9BF3-ED796BB7DFF0}.Release|x64.ActiveCfg = Release|Any CPU
		{A17CF140-0B17-435D-9BF3-ED796BB7DFF0}.Release|x64.Build.0 = Release|Any CPU
		{A17CF140-0B17-435D-9BF3-ED796BB7DFF0}.Release|x86.ActiveCfg = Release|Any CPU
		{A17CF140-0B17-435D-9BF3-ED796BB7DFF0}.Release|x86.Build.0 = Release|Any CPU
		{DFE916A4-E2C1-4783-8192-C5743E5A0CC6}.Debug|Any CPU.ActiveCfg = Debug|Any CPU
		{DFE916A4-E2C1-4783-8192-C5743E5A0CC6}.Debug|Any CPU.Build.0 = Debug|Any CPU
		{DFE916A4-E2C1-4783-8192-C5743E5A0CC6}.Debug|ARM.ActiveCfg = Debug|Any CPU
		{DFE916A4-E2C1-4783-8192-C5743E5A0CC6}.Debug|ARM.Build.0 = Debug|Any CPU
		{DFE916A4-E2C1-4783-8192-C5743E5A0CC6}.Debug|ARM64.ActiveCfg = Debug|Any CPU
		{DFE916A4-E2C1-4783-8192-C5743E5A0CC6}.Debug|ARM64.Build.0 = Debug|Any CPU
		{DFE916A4-E2C1-4783-8192-C5743E5A0CC6}.Debug|x64.ActiveCfg = Debug|Any CPU
		{DFE916A4-E2C1-4783-8192-C5743E5A0CC6}.Debug|x64.Build.0 = Debug|Any CPU
		{DFE916A4-E2C1-4783-8192-C5743E5A0CC6}.Debug|x86.ActiveCfg = Debug|Any CPU
		{DFE916A4-E2C1-4783-8192-C5743E5A0CC6}.Debug|x86.Build.0 = Debug|Any CPU
		{DFE916A4-E2C1-4783-8192-C5743E5A0CC6}.Release|Any CPU.ActiveCfg = Release|Any CPU
		{DFE916A4-E2C1-4783-8192-C5743E5A0CC6}.Release|Any CPU.Build.0 = Release|Any CPU
		{DFE916A4-E2C1-4783-8192-C5743E5A0CC6}.Release|ARM.ActiveCfg = Release|Any CPU
		{DFE916A4-E2C1-4783-8192-C5743E5A0CC6}.Release|ARM.Build.0 = Release|Any CPU
		{DFE916A4-E2C1-4783-8192-C5743E5A0CC6}.Release|ARM64.ActiveCfg = Release|Any CPU
		{DFE916A4-E2C1-4783-8192-C5743E5A0CC6}.Release|ARM64.Build.0 = Release|Any CPU
		{DFE916A4-E2C1-4783-8192-C5743E5A0CC6}.Release|x64.ActiveCfg = Release|Any CPU
		{DFE916A4-E2C1-4783-8192-C5743E5A0CC6}.Release|x64.Build.0 = Release|Any CPU
		{DFE916A4-E2C1-4783-8192-C5743E5A0CC6}.Release|x86.ActiveCfg = Release|Any CPU
		{DFE916A4-E2C1-4783-8192-C5743E5A0CC6}.Release|x86.Build.0 = Release|Any CPU
		{E47B3116-A46C-4100-BABF-8313ADE3E12C}.Debug|Any CPU.ActiveCfg = Debug|Any CPU
		{E47B3116-A46C-4100-BABF-8313ADE3E12C}.Debug|Any CPU.Build.0 = Debug|Any CPU
		{E47B3116-A46C-4100-BABF-8313ADE3E12C}.Debug|ARM.ActiveCfg = Debug|Any CPU
		{E47B3116-A46C-4100-BABF-8313ADE3E12C}.Debug|ARM.Build.0 = Debug|Any CPU
		{E47B3116-A46C-4100-BABF-8313ADE3E12C}.Debug|ARM64.ActiveCfg = Debug|Any CPU
		{E47B3116-A46C-4100-BABF-8313ADE3E12C}.Debug|ARM64.Build.0 = Debug|Any CPU
		{E47B3116-A46C-4100-BABF-8313ADE3E12C}.Debug|x64.ActiveCfg = Debug|Any CPU
		{E47B3116-A46C-4100-BABF-8313ADE3E12C}.Debug|x64.Build.0 = Debug|Any CPU
		{E47B3116-A46C-4100-BABF-8313ADE3E12C}.Debug|x86.ActiveCfg = Debug|Any CPU
		{E47B3116-A46C-4100-BABF-8313ADE3E12C}.Debug|x86.Build.0 = Debug|Any CPU
		{E47B3116-A46C-4100-BABF-8313ADE3E12C}.Release|Any CPU.ActiveCfg = Release|Any CPU
		{E47B3116-A46C-4100-BABF-8313ADE3E12C}.Release|Any CPU.Build.0 = Release|Any CPU
		{E47B3116-A46C-4100-BABF-8313ADE3E12C}.Release|ARM.ActiveCfg = Release|Any CPU
		{E47B3116-A46C-4100-BABF-8313ADE3E12C}.Release|ARM.Build.0 = Release|Any CPU
		{E47B3116-A46C-4100-BABF-8313ADE3E12C}.Release|ARM64.ActiveCfg = Release|Any CPU
		{E47B3116-A46C-4100-BABF-8313ADE3E12C}.Release|ARM64.Build.0 = Release|Any CPU
		{E47B3116-A46C-4100-BABF-8313ADE3E12C}.Release|x64.ActiveCfg = Release|Any CPU
		{E47B3116-A46C-4100-BABF-8313ADE3E12C}.Release|x64.Build.0 = Release|Any CPU
		{E47B3116-A46C-4100-BABF-8313ADE3E12C}.Release|x86.ActiveCfg = Release|Any CPU
		{E47B3116-A46C-4100-BABF-8313ADE3E12C}.Release|x86.Build.0 = Release|Any CPU
		{3D335204-088B-411B-8A0A-977EE2D880A9}.Debug|Any CPU.ActiveCfg = Debug|Any CPU
		{3D335204-088B-411B-8A0A-977EE2D880A9}.Debug|Any CPU.Build.0 = Debug|Any CPU
		{3D335204-088B-411B-8A0A-977EE2D880A9}.Debug|ARM.ActiveCfg = Debug|Any CPU
		{3D335204-088B-411B-8A0A-977EE2D880A9}.Debug|ARM.Build.0 = Debug|Any CPU
		{3D335204-088B-411B-8A0A-977EE2D880A9}.Debug|ARM64.ActiveCfg = Debug|Any CPU
		{3D335204-088B-411B-8A0A-977EE2D880A9}.Debug|ARM64.Build.0 = Debug|Any CPU
		{3D335204-088B-411B-8A0A-977EE2D880A9}.Debug|x64.ActiveCfg = Debug|Any CPU
		{3D335204-088B-411B-8A0A-977EE2D880A9}.Debug|x64.Build.0 = Debug|Any CPU
		{3D335204-088B-411B-8A0A-977EE2D880A9}.Debug|x86.ActiveCfg = Debug|Any CPU
		{3D335204-088B-411B-8A0A-977EE2D880A9}.Debug|x86.Build.0 = Debug|Any CPU
		{3D335204-088B-411B-8A0A-977EE2D880A9}.Release|Any CPU.ActiveCfg = Release|Any CPU
		{3D335204-088B-411B-8A0A-977EE2D880A9}.Release|Any CPU.Build.0 = Release|Any CPU
		{3D335204-088B-411B-8A0A-977EE2D880A9}.Release|ARM.ActiveCfg = Release|Any CPU
		{3D335204-088B-411B-8A0A-977EE2D880A9}.Release|ARM.Build.0 = Release|Any CPU
		{3D335204-088B-411B-8A0A-977EE2D880A9}.Release|ARM64.ActiveCfg = Release|Any CPU
		{3D335204-088B-411B-8A0A-977EE2D880A9}.Release|ARM64.Build.0 = Release|Any CPU
		{3D335204-088B-411B-8A0A-977EE2D880A9}.Release|x64.ActiveCfg = Release|Any CPU
		{3D335204-088B-411B-8A0A-977EE2D880A9}.Release|x64.Build.0 = Release|Any CPU
		{3D335204-088B-411B-8A0A-977EE2D880A9}.Release|x86.ActiveCfg = Release|Any CPU
		{3D335204-088B-411B-8A0A-977EE2D880A9}.Release|x86.Build.0 = Release|Any CPU
		{CA90EE36-CAC6-48DF-B032-550070C68AD0}.Debug|Any CPU.ActiveCfg = Debug|Any CPU
		{CA90EE36-CAC6-48DF-B032-550070C68AD0}.Debug|Any CPU.Build.0 = Debug|Any CPU
		{CA90EE36-CAC6-48DF-B032-550070C68AD0}.Debug|ARM.ActiveCfg = Debug|Any CPU
		{CA90EE36-CAC6-48DF-B032-550070C68AD0}.Debug|ARM.Build.0 = Debug|Any CPU
		{CA90EE36-CAC6-48DF-B032-550070C68AD0}.Debug|ARM64.ActiveCfg = Debug|Any CPU
		{CA90EE36-CAC6-48DF-B032-550070C68AD0}.Debug|ARM64.Build.0 = Debug|Any CPU
		{CA90EE36-CAC6-48DF-B032-550070C68AD0}.Debug|x64.ActiveCfg = Debug|Any CPU
		{CA90EE36-CAC6-48DF-B032-550070C68AD0}.Debug|x64.Build.0 = Debug|Any CPU
		{CA90EE36-CAC6-48DF-B032-550070C68AD0}.Debug|x86.ActiveCfg = Debug|Any CPU
		{CA90EE36-CAC6-48DF-B032-550070C68AD0}.Debug|x86.Build.0 = Debug|Any CPU
		{CA90EE36-CAC6-48DF-B032-550070C68AD0}.Release|Any CPU.ActiveCfg = Release|Any CPU
		{CA90EE36-CAC6-48DF-B032-550070C68AD0}.Release|Any CPU.Build.0 = Release|Any CPU
		{CA90EE36-CAC6-48DF-B032-550070C68AD0}.Release|ARM.ActiveCfg = Release|Any CPU
		{CA90EE36-CAC6-48DF-B032-550070C68AD0}.Release|ARM.Build.0 = Release|Any CPU
		{CA90EE36-CAC6-48DF-B032-550070C68AD0}.Release|ARM64.ActiveCfg = Release|Any CPU
		{CA90EE36-CAC6-48DF-B032-550070C68AD0}.Release|ARM64.Build.0 = Release|Any CPU
		{CA90EE36-CAC6-48DF-B032-550070C68AD0}.Release|x64.ActiveCfg = Release|Any CPU
		{CA90EE36-CAC6-48DF-B032-550070C68AD0}.Release|x64.Build.0 = Release|Any CPU
		{CA90EE36-CAC6-48DF-B032-550070C68AD0}.Release|x86.ActiveCfg = Release|Any CPU
		{CA90EE36-CAC6-48DF-B032-550070C68AD0}.Release|x86.Build.0 = Release|Any CPU
		{0FF0E178-9FDF-4099-AEEA-E75E0A32C478}.Debug|Any CPU.ActiveCfg = Debug|Any CPU
		{0FF0E178-9FDF-4099-AEEA-E75E0A32C478}.Debug|Any CPU.Build.0 = Debug|Any CPU
		{0FF0E178-9FDF-4099-AEEA-E75E0A32C478}.Debug|ARM.ActiveCfg = Debug|Any CPU
		{0FF0E178-9FDF-4099-AEEA-E75E0A32C478}.Debug|ARM.Build.0 = Debug|Any CPU
		{0FF0E178-9FDF-4099-AEEA-E75E0A32C478}.Debug|ARM64.ActiveCfg = Debug|Any CPU
		{0FF0E178-9FDF-4099-AEEA-E75E0A32C478}.Debug|ARM64.Build.0 = Debug|Any CPU
		{0FF0E178-9FDF-4099-AEEA-E75E0A32C478}.Debug|x64.ActiveCfg = Debug|Any CPU
		{0FF0E178-9FDF-4099-AEEA-E75E0A32C478}.Debug|x64.Build.0 = Debug|Any CPU
		{0FF0E178-9FDF-4099-AEEA-E75E0A32C478}.Debug|x86.ActiveCfg = Debug|Any CPU
		{0FF0E178-9FDF-4099-AEEA-E75E0A32C478}.Debug|x86.Build.0 = Debug|Any CPU
		{0FF0E178-9FDF-4099-AEEA-E75E0A32C478}.Release|Any CPU.ActiveCfg = Release|Any CPU
		{0FF0E178-9FDF-4099-AEEA-E75E0A32C478}.Release|Any CPU.Build.0 = Release|Any CPU
		{0FF0E178-9FDF-4099-AEEA-E75E0A32C478}.Release|ARM.ActiveCfg = Release|Any CPU
		{0FF0E178-9FDF-4099-AEEA-E75E0A32C478}.Release|ARM.Build.0 = Release|Any CPU
		{0FF0E178-9FDF-4099-AEEA-E75E0A32C478}.Release|ARM64.ActiveCfg = Release|Any CPU
		{0FF0E178-9FDF-4099-AEEA-E75E0A32C478}.Release|ARM64.Build.0 = Release|Any CPU
		{0FF0E178-9FDF-4099-AEEA-E75E0A32C478}.Release|x64.ActiveCfg = Release|Any CPU
		{0FF0E178-9FDF-4099-AEEA-E75E0A32C478}.Release|x64.Build.0 = Release|Any CPU
		{0FF0E178-9FDF-4099-AEEA-E75E0A32C478}.Release|x86.ActiveCfg = Release|Any CPU
		{0FF0E178-9FDF-4099-AEEA-E75E0A32C478}.Release|x86.Build.0 = Release|Any CPU
		{E2D79769-3E45-4234-B5BC-59177A80BBF9}.Debug|Any CPU.ActiveCfg = Debug|Any CPU
		{E2D79769-3E45-4234-B5BC-59177A80BBF9}.Debug|Any CPU.Build.0 = Debug|Any CPU
		{E2D79769-3E45-4234-B5BC-59177A80BBF9}.Debug|ARM.ActiveCfg = Debug|Any CPU
		{E2D79769-3E45-4234-B5BC-59177A80BBF9}.Debug|ARM.Build.0 = Debug|Any CPU
		{E2D79769-3E45-4234-B5BC-59177A80BBF9}.Debug|ARM64.ActiveCfg = Debug|Any CPU
		{E2D79769-3E45-4234-B5BC-59177A80BBF9}.Debug|ARM64.Build.0 = Debug|Any CPU
		{E2D79769-3E45-4234-B5BC-59177A80BBF9}.Debug|x64.ActiveCfg = Debug|Any CPU
		{E2D79769-3E45-4234-B5BC-59177A80BBF9}.Debug|x64.Build.0 = Debug|Any CPU
		{E2D79769-3E45-4234-B5BC-59177A80BBF9}.Debug|x86.ActiveCfg = Debug|Any CPU
		{E2D79769-3E45-4234-B5BC-59177A80BBF9}.Debug|x86.Build.0 = Debug|Any CPU
		{E2D79769-3E45-4234-B5BC-59177A80BBF9}.Release|Any CPU.ActiveCfg = Release|Any CPU
		{E2D79769-3E45-4234-B5BC-59177A80BBF9}.Release|Any CPU.Build.0 = Release|Any CPU
		{E2D79769-3E45-4234-B5BC-59177A80BBF9}.Release|ARM.ActiveCfg = Release|Any CPU
		{E2D79769-3E45-4234-B5BC-59177A80BBF9}.Release|ARM.Build.0 = Release|Any CPU
		{E2D79769-3E45-4234-B5BC-59177A80BBF9}.Release|ARM64.ActiveCfg = Release|Any CPU
		{E2D79769-3E45-4234-B5BC-59177A80BBF9}.Release|ARM64.Build.0 = Release|Any CPU
		{E2D79769-3E45-4234-B5BC-59177A80BBF9}.Release|x64.ActiveCfg = Release|Any CPU
		{E2D79769-3E45-4234-B5BC-59177A80BBF9}.Release|x64.Build.0 = Release|Any CPU
		{E2D79769-3E45-4234-B5BC-59177A80BBF9}.Release|x86.ActiveCfg = Release|Any CPU
		{E2D79769-3E45-4234-B5BC-59177A80BBF9}.Release|x86.Build.0 = Release|Any CPU
	EndGlobalSection
	GlobalSection(SolutionProperties) = preSolution
		HideSolutionNode = FALSE
	EndGlobalSection
	GlobalSection(NestedProjects) = preSolution
		{2EE5C454-61EE-440F-A3E3-F7A4FC7827CE} = {A8B7B77B-A480-45F8-A09C-A7E47F16E9E8}
	EndGlobalSection
	GlobalSection(ExtensibilityGlobals) = postSolution
		SolutionGuid = {2C8B4780-B0AE-4962-97E1-0BFEC30FAF24}
	EndGlobalSection
EndGlobal
