
Microsoft Visual Studio Solution File, Format Version 12.00
# Visual Studio Version 17
VisualStudioVersion = 17.1.32407.343
MinimumVisualStudioVersion = 10.0.40219.1
Project("{9A19103F-16F7-4668-BE54-9A1E7A4F7556}") = "Sassa.eForms", "Sassa.eForms\Sassa.eForms.csproj", "{CC62A16D-58B4-4A0F-BE89-AD560723CF74}"
EndProject
Project("{9A19103F-16F7-4668-BE54-9A1E7A4F7556}") = "Sassa.eForms.Data", "Sassa.eForms.Data\Sassa.eForms.Data.csproj", "{4C7F4ED7-D089-4037-B5E5-1F1019F356D8}"
EndProject
Project("{9A19103F-16F7-4668-BE54-9A1E7A4F7556}") = "Sassa.eForms.Api", "Sassa.eForms.Api\Sassa.eForms.Api.csproj", "{37E99814-BB76-46AD-A0C0-8270E8F1E8C7}"
EndProject
Project("{9A19103F-16F7-4668-BE54-9A1E7A4F7556}") = "Sassa.eDocs.API", "Sassa.eDocs.API\Sassa.eDocs.API.csproj", "{E0869E28-BAE6-4985-8411-7A7951FAA4CC}"
EndProject
Project("{9A19103F-16F7-4668-BE54-9A1E7A4F7556}") = "Sassa.eDocs.Data", "Sassa.eDocs.Data\Sassa.eDocs.Data.csproj", "{76421AF3-264C-47E6-8171-24ABE2559EF8}"
EndProject
Project("{9A19103F-16F7-4668-BE54-9A1E7A4F7556}") = "Sassa.eDocs.Viewer", "Sassa.eDocs.Viewer\Sassa.eDocs.Viewer.csproj", "{83489359-2431-435B-93CB-2D72060636D3}"
EndProject
Project("{9A19103F-16F7-4668-BE54-9A1E7A4F7556}") = "Sassa.eDocs.CSIntegration", "Sassa.eDocs.CSIntegration\Sassa.eDocs.CSIntegration.csproj", "{0E4DD978-7973-4C1E-8531-52182263420A}"
EndProject
Project("{9A19103F-16F7-4668-BE54-9A1E7A4F7556}") = "Sassa.Surveys.Data", "Sassa.Surveys.Data\Sassa.Surveys.Data.csproj", "{E14AA81C-68FD-48A5-A4B1-342FC3823829}"
EndProject
Project("{9A19103F-16F7-4668-BE54-9A1E7A4F7556}") = "Sassa.eServices.Admin", "Sassa.eServices.Admin\Sassa.eServices.Admin.csproj", "{E23BC70D-98F3-464B-A3BE-31D6667EE8D0}"
EndProject
Project("{9A19103F-16F7-4668-BE54-9A1E7A4F7556}") = "Sassa.Monitor.Shared", "Sassa.Monitor.Shared\Sassa.Monitor.Shared.csproj", "{71E0EDDE-943A-48B7-9BA8-8CA8E8A383F9}"
EndProject
Project("{9A19103F-16F7-4668-BE54-9A1E7A4F7556}") = "Sassa.eForms.Internal", "Sassa.eForms.Internal\Sassa.eForms.Internal.csproj", "{D4C2DE10-9A70-4696-8ADF-CB291FACE3A5}"
EndProject
Project("{9A19103F-16F7-4668-BE54-9A1E7A4F7556}") = "Sassa.BRM", "Sassa.BRM\Sassa.BRM.csproj", "{9610F50B-D458-459A-BD7C-ACD3B510BE6D}"
EndProject
Project("{9A19103F-16F7-4668-BE54-9A1E7A4F7556}") = "Sassa.Barcoder", "Sassa.Barcoder\Sassa.Barcoder.csproj", "{BA486DA0-8D96-4F16-9620-32F039322255}"
EndProject
Project("{2150E333-8FDC-42A3-9474-1A3956D46DE8}") = "Solution Items", "Solution Items", "{A8B7B77B-A480-45F8-A09C-A7E47F16E9E8}"
	ProjectSection(SolutionItems) = preProject
		.editorconfig = .editorconfig
	EndProjectSection
EndProject
Project("{9A19103F-16F7-4668-BE54-9A1E7A4F7556}") = "Sassa.BRM.Data", "Sassa.BRM.Data\Sassa.BRM.Data.csproj", "{07D09F37-05A4-40C8-B52B-05C794BCE51F}"
EndProject
Project("{9A19103F-16F7-4668-BE54-9A1E7A4F7556}") = "razor.Components", "razor.Components\razor.Components.csproj", "{8D8F7486-9F79-4D36-B196-F1EB4363F4AA}"
EndProject
Project("{2150E333-8FDC-42A3-9474-1A3956D46DE8}") = "SQL", "SQL", "{2EE5C454-61EE-440F-A3E3-F7A4FC7827CE}"
	ProjectSection(SolutionItems) = preProject
		DeploymentOct2021.sql = DeploymentOct2021.sql
	EndProjectSection
EndProject
Project("{9A19103F-16F7-4668-BE54-9A1E7A4F7556}") = "Sassa.QrCoder", "Sassa.QrCoder\Sassa.QrCoder.csproj", "{3C0A639A-912D-42C2-A9B4-DC31A669ADB4}"
EndProject
Project("{9A19103F-16F7-4668-BE54-9A1E7A4F7556}") = "Sassa.BRMDcSocpenService", "Sassa.BRMDcSocpenService\Sassa.BRMDcSocpenService.csproj", "{466B2FFC-C1BD-451A-B8BD-507E419A478A}"
EndProject
Project("{9A19103F-16F7-4668-BE54-9A1E7A4F7556}") = "Sassa.Socpen.Data", "Sassa.Socpen.Data\Sassa.Socpen.Data.csproj", "{416CEE59-F66F-4606-AEA0-93DE786EA062}"
EndProject
Global
	GlobalSection(SolutionConfigurationPlatforms) = preSolution
		Debug|Any CPU = Debug|Any CPU
		Debug|ARM = Debug|ARM
		Debug|ARM64 = Debug|ARM64
		Debug|x64 = Debug|x64
		Debug|x86 = Debug|x86
		Release|Any CPU = Release|Any CPU
		Release|ARM = Release|ARM
		Release|ARM64 = Release|ARM64
		Release|x64 = Release|x64
		Release|x86 = Release|x86
	EndGlobalSection
	GlobalSection(ProjectConfigurationPlatforms) = postSolution
		{CC62A16D-58B4-4A0F-BE89-AD560723CF74}.Debug|Any CPU.ActiveCfg = Debug|Any CPU
		{CC62A16D-58B4-4A0F-BE89-AD560723CF74}.Debug|Any CPU.Build.0 = Debug|Any CPU
		{CC62A16D-58B4-4A0F-BE89-AD560723CF74}.Debug|ARM.ActiveCfg = Debug|Any CPU
		{CC62A16D-58B4-4A0F-BE89-AD560723CF74}.Debug|ARM.Build.0 = Debug|Any CPU
		{CC62A16D-58B4-4A0F-BE89-AD560723CF74}.Debug|ARM64.ActiveCfg = Debug|Any CPU
		{CC62A16D-58B4-4A0F-BE89-AD560723CF74}.Debug|ARM64.Build.0 = Debug|Any CPU
		{CC62A16D-58B4-4A0F-BE89-AD560723CF74}.Debug|x64.ActiveCfg = Debug|Any CPU
		{CC62A16D-58B4-4A0F-BE89-AD560723CF74}.Debug|x64.Build.0 = Debug|Any CPU
		{CC62A16D-58B4-4A0F-BE89-AD560723CF74}.Debug|x86.ActiveCfg = Debug|Any CPU
		{CC62A16D-58B4-4A0F-BE89-AD560723CF74}.Debug|x86.Build.0 = Debug|Any CPU
		{CC62A16D-58B4-4A0F-BE89-AD560723CF74}.Release|Any CPU.ActiveCfg = Release|Any CPU
		{CC62A16D-58B4-4A0F-BE89-AD560723CF74}.Release|Any CPU.Build.0 = Release|Any CPU
		{CC62A16D-58B4-4A0F-BE89-AD560723CF74}.Release|ARM.ActiveCfg = Release|Any CPU
		{CC62A16D-58B4-4A0F-BE89-AD560723CF74}.Release|ARM.Build.0 = Release|Any CPU
		{CC62A16D-58B4-4A0F-BE89-AD560723CF74}.Release|ARM64.ActiveCfg = Release|Any CPU
		{CC62A16D-58B4-4A0F-BE89-AD560723CF74}.Release|ARM64.Build.0 = Release|Any CPU
		{CC62A16D-58B4-4A0F-BE89-AD560723CF74}.Release|x64.ActiveCfg = Release|Any CPU
		{CC62A16D-58B4-4A0F-BE89-AD560723CF74}.Release|x64.Build.0 = Release|Any CPU
		{CC62A16D-58B4-4A0F-BE89-AD560723CF74}.Release|x86.ActiveCfg = Release|Any CPU
		{CC62A16D-58B4-4A0F-BE89-AD560723CF74}.Release|x86.Build.0 = Release|Any CPU
		{4C7F4ED7-D089-4037-B5E5-1F1019F356D8}.Debug|Any CPU.ActiveCfg = Debug|Any CPU
		{4C7F4ED7-D089-4037-B5E5-1F1019F356D8}.Debug|Any CPU.Build.0 = Debug|Any CPU
		{4C7F4ED7-D089-4037-B5E5-1F1019F356D8}.Debug|ARM.ActiveCfg = Debug|Any CPU
		{4C7F4ED7-D089-4037-B5E5-1F1019F356D8}.Debug|ARM.Build.0 = Debug|Any CPU
		{4C7F4ED7-D089-4037-B5E5-1F1019F356D8}.Debug|ARM64.ActiveCfg = Debug|Any CPU
		{4C7F4ED7-D089-4037-B5E5-1F1019F356D8}.Debug|ARM64.Build.0 = Debug|Any CPU
		{4C7F4ED7-D089-4037-B5E5-1F1019F356D8}.Debug|x64.ActiveCfg = Debug|Any CPU
		{4C7F4ED7-D089-4037-B5E5-1F1019F356D8}.Debug|x64.Build.0 = Debug|Any CPU
		{4C7F4ED7-D089-4037-B5E5-1F1019F356D8}.Debug|x86.ActiveCfg = Debug|Any CPU
		{4C7F4ED7-D089-4037-B5E5-1F1019F356D8}.Debug|x86.Build.0 = Debug|Any CPU
		{4C7F4ED7-D089-4037-B5E5-1F1019F356D8}.Release|Any CPU.ActiveCfg = Release|Any CPU
		{4C7F4ED7-D089-4037-B5E5-1F1019F356D8}.Release|Any CPU.Build.0 = Release|Any CPU
		{4C7F4ED7-D089-4037-B5E5-1F1019F356D8}.Release|ARM.ActiveCfg = Release|Any CPU
		{4C7F4ED7-D089-4037-B5E5-1F1019F356D8}.Release|ARM.Build.0 = Release|Any CPU
		{4C7F4ED7-D089-4037-B5E5-1F1019F356D8}.Release|ARM64.ActiveCfg = Release|Any CPU
		{4C7F4ED7-D089-4037-B5E5-1F1019F356D8}.Release|ARM64.Build.0 = Release|Any CPU
		{4C7F4ED7-D089-4037-B5E5-1F1019F356D8}.Release|x64.ActiveCfg = Release|Any CPU
		{4C7F4ED7-D089-4037-B5E5-1F1019F356D8}.Release|x64.Build.0 = Release|Any CPU
		{4C7F4ED7-D089-4037-B5E5-1F1019F356D8}.Release|x86.ActiveCfg = Release|Any CPU
		{4C7F4ED7-D089-4037-B5E5-1F1019F356D8}.Release|x86.Build.0 = Release|Any CPU
		{37E99814-BB76-46AD-A0C0-8270E8F1E8C7}.Debug|Any CPU.ActiveCfg = Debug|Any CPU
		{37E99814-BB76-46AD-A0C0-8270E8F1E8C7}.Debug|Any CPU.Build.0 = Debug|Any CPU
		{37E99814-BB76-46AD-A0C0-8270E8F1E8C7}.Debug|ARM.ActiveCfg = Debug|Any CPU
		{37E99814-BB76-46AD-A0C0-8270E8F1E8C7}.Debug|ARM.Build.0 = Debug|Any CPU
		{37E99814-BB76-46AD-A0C0-8270E8F1E8C7}.Debug|ARM64.ActiveCfg = Debug|Any CPU
		{37E99814-BB76-46AD-A0C0-8270E8F1E8C7}.Debug|ARM64.Build.0 = Debug|Any CPU
		{37E99814-BB76-46AD-A0C0-8270E8F1E8C7}.Debug|x64.ActiveCfg = Debug|Any CPU
		{37E99814-BB76-46AD-A0C0-8270E8F1E8C7}.Debug|x64.Build.0 = Debug|Any CPU
		{37E99814-BB76-46AD-A0C0-8270E8F1E8C7}.Debug|x86.ActiveCfg = Debug|Any CPU
		{37E99814-BB76-46AD-A0C0-8270E8F1E8C7}.Debug|x86.Build.0 = Debug|Any CPU
		{37E99814-BB76-46AD-A0C0-8270E8F1E8C7}.Release|Any CPU.ActiveCfg = Release|Any CPU
		{37E99814-BB76-46AD-A0C0-8270E8F1E8C7}.Release|Any CPU.Build.0 = Release|Any CPU
		{37E99814-BB76-46AD-A0C0-8270E8F1E8C7}.Release|ARM.ActiveCfg = Release|Any CPU
		{37E99814-BB76-46AD-A0C0-8270E8F1E8C7}.Release|ARM.Build.0 = Release|Any CPU
		{37E99814-BB76-46AD-A0C0-8270E8F1E8C7}.Release|ARM64.ActiveCfg = Release|Any CPU
		{37E99814-BB76-46AD-A0C0-8270E8F1E8C7}.Release|ARM64.Build.0 = Release|Any CPU
		{37E99814-BB76-46AD-A0C0-8270E8F1E8C7}.Release|x64.ActiveCfg = Release|Any CPU
		{37E99814-BB76-46AD-A0C0-8270E8F1E8C7}.Release|x64.Build.0 = Release|Any CPU
		{37E99814-BB76-46AD-A0C0-8270E8F1E8C7}.Release|x86.ActiveCfg = Release|Any CPU
		{37E99814-BB76-46AD-A0C0-8270E8F1E8C7}.Release|x86.Build.0 = Release|Any CPU
		{E0869E28-BAE6-4985-8411-7A7951FAA4CC}.Debug|Any CPU.ActiveCfg = Debug|Any CPU
		{E0869E28-BAE6-4985-8411-7A7951FAA4CC}.Debug|Any CPU.Build.0 = Debug|Any CPU
		{E0869E28-BAE6-4985-8411-7A7951FAA4CC}.Debug|ARM.ActiveCfg = Debug|Any CPU
		{E0869E28-BAE6-4985-8411-7A7951FAA4CC}.Debug|ARM.Build.0 = Debug|Any CPU
		{E0869E28-BAE6-4985-8411-7A7951FAA4CC}.Debug|ARM64.ActiveCfg = Debug|Any CPU
		{E0869E28-BAE6-4985-8411-7A7951FAA4CC}.Debug|ARM64.Build.0 = Debug|Any CPU
		{E0869E28-BAE6-4985-8411-7A7951FAA4CC}.Debug|x64.ActiveCfg = Debug|Any CPU
		{E0869E28-BAE6-4985-8411-7A7951FAA4CC}.Debug|x64.Build.0 = Debug|Any CPU
		{E0869E28-BAE6-4985-8411-7A7951FAA4CC}.Debug|x86.ActiveCfg = Debug|Any CPU
		{E0869E28-BAE6-4985-8411-7A7951FAA4CC}.Debug|x86.Build.0 = Debug|Any CPU
		{E0869E28-BAE6-4985-8411-7A7951FAA4CC}.Release|Any CPU.ActiveCfg = Release|Any CPU
		{E0869E28-BAE6-4985-8411-7A7951FAA4CC}.Release|Any CPU.Build.0 = Release|Any CPU
		{E0869E28-BAE6-4985-8411-7A7951FAA4CC}.Release|ARM.ActiveCfg = Release|Any CPU
		{E0869E28-BAE6-4985-8411-7A7951FAA4CC}.Release|ARM.Build.0 = Release|Any CPU
		{E0869E28-BAE6-4985-8411-7A7951FAA4CC}.Release|ARM64.ActiveCfg = Release|Any CPU
		{E0869E28-BAE6-4985-8411-7A7951FAA4CC}.Release|ARM64.Build.0 = Release|Any CPU
		{E0869E28-BAE6-4985-8411-7A7951FAA4CC}.Release|x64.ActiveCfg = Release|Any CPU
		{E0869E28-BAE6-4985-8411-7A7951FAA4CC}.Release|x64.Build.0 = Release|Any CPU
		{E0869E28-BAE6-4985-8411-7A7951FAA4CC}.Release|x86.ActiveCfg = Release|Any CPU
		{E0869E28-BAE6-4985-8411-7A7951FAA4CC}.Release|x86.Build.0 = Release|Any CPU
		{76421AF3-264C-47E6-8171-24ABE2559EF8}.Debug|Any CPU.ActiveCfg = Debug|Any CPU
		{76421AF3-264C-47E6-8171-24ABE2559EF8}.Debug|Any CPU.Build.0 = Debug|Any CPU
		{76421AF3-264C-47E6-8171-24ABE2559EF8}.Debug|ARM.ActiveCfg = Debug|Any CPU
		{76421AF3-264C-47E6-8171-24ABE2559EF8}.Debug|ARM.Build.0 = Debug|Any CPU
		{76421AF3-264C-47E6-8171-24ABE2559EF8}.Debug|ARM64.ActiveCfg = Debug|Any CPU
		{76421AF3-264C-47E6-8171-24ABE2559EF8}.Debug|ARM64.Build.0 = Debug|Any CPU
		{76421AF3-264C-47E6-8171-24ABE2559EF8}.Debug|x64.ActiveCfg = Debug|Any CPU
		{76421AF3-264C-47E6-8171-24ABE2559EF8}.Debug|x64.Build.0 = Debug|Any CPU
		{76421AF3-264C-47E6-8171-24ABE2559EF8}.Debug|x86.ActiveCfg = Debug|Any CPU
		{76421AF3-264C-47E6-8171-24ABE2559EF8}.Debug|x86.Build.0 = Debug|Any CPU
		{76421AF3-264C-47E6-8171-24ABE2559EF8}.Release|Any CPU.ActiveCfg = Release|Any CPU
		{76421AF3-264C-47E6-8171-24ABE2559EF8}.Release|Any CPU.Build.0 = Release|Any CPU
		{76421AF3-264C-47E6-8171-24ABE2559EF8}.Release|ARM.ActiveCfg = Release|Any CPU
		{76421AF3-264C-47E6-8171-24ABE2559EF8}.Release|ARM.Build.0 = Release|Any CPU
		{76421AF3-264C-47E6-8171-24ABE2559EF8}.Release|ARM64.ActiveCfg = Release|Any CPU
		{76421AF3-264C-47E6-8171-24ABE2559EF8}.Release|ARM64.Build.0 = Release|Any CPU
		{76421AF3-264C-47E6-8171-24ABE2559EF8}.Release|x64.ActiveCfg = Release|Any CPU
		{76421AF3-264C-47E6-8171-24ABE2559EF8}.Release|x64.Build.0 = Release|Any CPU
		{76421AF3-264C-47E6-8171-24ABE2559EF8}.Release|x86.ActiveCfg = Release|Any CPU
		{76421AF3-264C-47E6-8171-24ABE2559EF8}.Release|x86.Build.0 = Release|Any CPU
		{83489359-2431-435B-93CB-2D72060636D3}.Debug|Any CPU.ActiveCfg = Debug|Any CPU
		{83489359-2431-435B-93CB-2D72060636D3}.Debug|Any CPU.Build.0 = Debug|Any CPU
		{83489359-2431-435B-93CB-2D72060636D3}.Debug|ARM.ActiveCfg = Debug|Any CPU
		{83489359-2431-435B-93CB-2D72060636D3}.Debug|ARM.Build.0 = Debug|Any CPU
		{83489359-2431-435B-93CB-2D72060636D3}.Debug|ARM64.ActiveCfg = Debug|Any CPU
		{83489359-2431-435B-93CB-2D72060636D3}.Debug|ARM64.Build.0 = Debug|Any CPU
		{83489359-2431-435B-93CB-2D72060636D3}.Debug|x64.ActiveCfg = Debug|Any CPU
		{83489359-2431-435B-93CB-2D72060636D3}.Debug|x64.Build.0 = Debug|Any CPU
		{83489359-2431-435B-93CB-2D72060636D3}.Debug|x86.ActiveCfg = Debug|Any CPU
		{83489359-2431-435B-93CB-2D72060636D3}.Debug|x86.Build.0 = Debug|Any CPU
		{83489359-2431-435B-93CB-2D72060636D3}.Release|Any CPU.ActiveCfg = Release|Any CPU
		{83489359-2431-435B-93CB-2D72060636D3}.Release|Any CPU.Build.0 = Release|Any CPU
		{83489359-2431-435B-93CB-2D72060636D3}.Release|ARM.ActiveCfg = Release|Any CPU
		{83489359-2431-435B-93CB-2D72060636D3}.Release|ARM.Build.0 = Release|Any CPU
		{83489359-2431-435B-93CB-2D72060636D3}.Release|ARM64.ActiveCfg = Release|Any CPU
		{83489359-2431-435B-93CB-2D72060636D3}.Release|ARM64.Build.0 = Release|Any CPU
		{83489359-2431-435B-93CB-2D72060636D3}.Release|x64.ActiveCfg = Release|Any CPU
		{83489359-2431-435B-93CB-2D72060636D3}.Release|x64.Build.0 = Release|Any CPU
		{83489359-2431-435B-93CB-2D72060636D3}.Release|x86.ActiveCfg = Release|Any CPU
		{83489359-2431-435B-93CB-2D72060636D3}.Release|x86.Build.0 = Release|Any CPU
		{0E4DD978-7973-4C1E-8531-52182263420A}.Debug|Any CPU.ActiveCfg = Debug|Any CPU
		{0E4DD978-7973-4C1E-8531-52182263420A}.Debug|Any CPU.Build.0 = Debug|Any CPU
		{0E4DD978-7973-4C1E-8531-52182263420A}.Debug|ARM.ActiveCfg = Debug|Any CPU
		{0E4DD978-7973-4C1E-8531-52182263420A}.Debug|ARM.Build.0 = Debug|Any CPU
		{0E4DD978-7973-4C1E-8531-52182263420A}.Debug|ARM64.ActiveCfg = Debug|Any CPU
		{0E4DD978-7973-4C1E-8531-52182263420A}.Debug|ARM64.Build.0 = Debug|Any CPU
		{0E4DD978-7973-4C1E-8531-52182263420A}.Debug|x64.ActiveCfg = Debug|Any CPU
		{0E4DD978-7973-4C1E-8531-52182263420A}.Debug|x64.Build.0 = Debug|Any CPU
		{0E4DD978-7973-4C1E-8531-52182263420A}.Debug|x86.ActiveCfg = Debug|Any CPU
		{0E4DD978-7973-4C1E-8531-52182263420A}.Debug|x86.Build.0 = Debug|Any CPU
		{0E4DD978-7973-4C1E-8531-52182263420A}.Release|Any CPU.ActiveCfg = Release|Any CPU
		{0E4DD978-7973-4C1E-8531-52182263420A}.Release|Any CPU.Build.0 = Release|Any CPU
		{0E4DD978-7973-4C1E-8531-52182263420A}.Release|ARM.ActiveCfg = Release|Any CPU
		{0E4DD978-7973-4C1E-8531-52182263420A}.Release|ARM.Build.0 = Release|Any CPU
		{0E4DD978-7973-4C1E-8531-52182263420A}.Release|ARM64.ActiveCfg = Release|Any CPU
		{0E4DD978-7973-4C1E-8531-52182263420A}.Release|ARM64.Build.0 = Release|Any CPU
		{0E4DD978-7973-4C1E-8531-52182263420A}.Release|x64.ActiveCfg = Release|Any CPU
		{0E4DD978-7973-4C1E-8531-52182263420A}.Release|x64.Build.0 = Release|Any CPU
		{0E4DD978-7973-4C1E-8531-52182263420A}.Release|x86.ActiveCfg = Release|Any CPU
		{0E4DD978-7973-4C1E-8531-52182263420A}.Release|x86.Build.0 = Release|Any CPU
		{E14AA81C-68FD-48A5-A4B1-342FC3823829}.Debug|Any CPU.ActiveCfg = Debug|Any CPU
		{E14AA81C-68FD-48A5-A4B1-342FC3823829}.Debug|Any CPU.Build.0 = Debug|Any CPU
		{E14AA81C-68FD-48A5-A4B1-342FC3823829}.Debug|ARM.ActiveCfg = Debug|Any CPU
		{E14AA81C-68FD-48A5-A4B1-342FC3823829}.Debug|ARM.Build.0 = Debug|Any CPU
		{E14AA81C-68FD-48A5-A4B1-342FC3823829}.Debug|ARM64.ActiveCfg = Debug|Any CPU
		{E14AA81C-68FD-48A5-A4B1-342FC3823829}.Debug|ARM64.Build.0 = Debug|Any CPU
		{E14AA81C-68FD-48A5-A4B1-342FC3823829}.Debug|x64.ActiveCfg = Debug|Any CPU
		{E14AA81C-68FD-48A5-A4B1-342FC3823829}.Debug|x64.Build.0 = Debug|Any CPU
		{E14AA81C-68FD-48A5-A4B1-342FC3823829}.Debug|x86.ActiveCfg = Debug|Any CPU
		{E14AA81C-68FD-48A5-A4B1-342FC3823829}.Debug|x86.Build.0 = Debug|Any CPU
		{E14AA81C-68FD-48A5-A4B1-342FC3823829}.Release|Any CPU.ActiveCfg = Release|Any CPU
		{E14AA81C-68FD-48A5-A4B1-342FC3823829}.Release|Any CPU.Build.0 = Release|Any CPU
		{E14AA81C-68FD-48A5-A4B1-342FC3823829}.Release|ARM.ActiveCfg = Release|Any CPU
		{E14AA81C-68FD-48A5-A4B1-342FC3823829}.Release|ARM.Build.0 = Release|Any CPU
		{E14AA81C-68FD-48A5-A4B1-342FC3823829}.Release|ARM64.ActiveCfg = Release|Any CPU
		{E14AA81C-68FD-48A5-A4B1-342FC3823829}.Release|ARM64.Build.0 = Release|Any CPU
		{E14AA81C-68FD-48A5-A4B1-342FC3823829}.Release|x64.ActiveCfg = Release|Any CPU
		{E14AA81C-68FD-48A5-A4B1-342FC3823829}.Release|x64.Build.0 = Release|Any CPU
		{E14AA81C-68FD-48A5-A4B1-342FC3823829}.Release|x86.ActiveCfg = Release|Any CPU
		{E14AA81C-68FD-48A5-A4B1-342FC3823829}.Release|x86.Build.0 = Release|Any CPU
		{E23BC70D-98F3-464B-A3BE-31D6667EE8D0}.Debug|Any CPU.ActiveCfg = Debug|Any CPU
		{E23BC70D-98F3-464B-A3BE-31D6667EE8D0}.Debug|Any CPU.Build.0 = Debug|Any CPU
		{E23BC70D-98F3-464B-A3BE-31D6667EE8D0}.Debug|ARM.ActiveCfg = Debug|Any CPU
		{E23BC70D-98F3-464B-A3BE-31D6667EE8D0}.Debug|ARM.Build.0 = Debug|Any CPU
		{E23BC70D-98F3-464B-A3BE-31D6667EE8D0}.Debug|ARM64.ActiveCfg = Debug|Any CPU
		{E23BC70D-98F3-464B-A3BE-31D6667EE8D0}.Debug|ARM64.Build.0 = Debug|Any CPU
		{E23BC70D-98F3-464B-A3BE-31D6667EE8D0}.Debug|x64.ActiveCfg = Debug|Any CPU
		{E23BC70D-98F3-464B-A3BE-31D6667EE8D0}.Debug|x64.Build.0 = Debug|Any CPU
		{E23BC70D-98F3-464B-A3BE-31D6667EE8D0}.Debug|x86.ActiveCfg = Debug|Any CPU
		{E23BC70D-98F3-464B-A3BE-31D6667EE8D0}.Debug|x86.Build.0 = Debug|Any CPU
		{E23BC70D-98F3-464B-A3BE-31D6667EE8D0}.Release|Any CPU.ActiveCfg = Release|Any CPU
		{E23BC70D-98F3-464B-A3BE-31D6667EE8D0}.Release|Any CPU.Build.0 = Release|Any CPU
		{E23BC70D-98F3-464B-A3BE-31D6667EE8D0}.Release|ARM.ActiveCfg = Release|Any CPU
		{E23BC70D-98F3-464B-A3BE-31D6667EE8D0}.Release|ARM.Build.0 = Release|Any CPU
		{E23BC70D-98F3-464B-A3BE-31D6667EE8D0}.Release|ARM64.ActiveCfg = Release|Any CPU
		{E23BC70D-98F3-464B-A3BE-31D6667EE8D0}.Release|ARM64.Build.0 = Release|Any CPU
		{E23BC70D-98F3-464B-A3BE-31D6667EE8D0}.Release|x64.ActiveCfg = Release|Any CPU
		{E23BC70D-98F3-464B-A3BE-31D6667EE8D0}.Release|x64.Build.0 = Release|Any CPU
		{E23BC70D-98F3-464B-A3BE-31D6667EE8D0}.Release|x86.ActiveCfg = Release|Any CPU
		{E23BC70D-98F3-464B-A3BE-31D6667EE8D0}.Release|x86.Build.0 = Release|Any CPU
		{71E0EDDE-943A-48B7-9BA8-8CA8E8A383F9}.Debug|Any CPU.ActiveCfg = Debug|Any CPU
		{71E0EDDE-943A-48B7-9BA8-8CA8E8A383F9}.Debug|Any CPU.Build.0 = Debug|Any CPU
		{71E0EDDE-943A-48B7-9BA8-8CA8E8A383F9}.Debug|ARM.ActiveCfg = Debug|Any CPU
		{71E0EDDE-943A-48B7-9BA8-8CA8E8A383F9}.Debug|ARM.Build.0 = Debug|Any CPU
		{71E0EDDE-943A-48B7-9BA8-8CA8E8A383F9}.Debug|ARM64.ActiveCfg = Debug|Any CPU
		{71E0EDDE-943A-48B7-9BA8-8CA8E8A383F9}.Debug|ARM64.Build.0 = Debug|Any CPU
		{71E0EDDE-943A-48B7-9BA8-8CA8E8A383F9}.Debug|x64.ActiveCfg = Debug|Any CPU
		{71E0EDDE-943A-48B7-9BA8-8CA8E8A383F9}.Debug|x64.Build.0 = Debug|Any CPU
		{71E0EDDE-943A-48B7-9BA8-8CA8E8A383F9}.Debug|x86.ActiveCfg = Debug|Any CPU
		{71E0EDDE-943A-48B7-9BA8-8CA8E8A383F9}.Debug|x86.Build.0 = Debug|Any CPU
		{71E0EDDE-943A-48B7-9BA8-8CA8E8A383F9}.Release|Any CPU.ActiveCfg = Release|Any CPU
		{71E0EDDE-943A-48B7-9BA8-8CA8E8A383F9}.Release|Any CPU.Build.0 = Release|Any CPU
		{71E0EDDE-943A-48B7-9BA8-8CA8E8A383F9}.Release|ARM.ActiveCfg = Release|Any CPU
		{71E0EDDE-943A-48B7-9BA8-8CA8E8A383F9}.Release|ARM.Build.0 = Release|Any CPU
		{71E0EDDE-943A-48B7-9BA8-8CA8E8A383F9}.Release|ARM64.ActiveCfg = Release|Any CPU
		{71E0EDDE-943A-48B7-9BA8-8CA8E8A383F9}.Release|ARM64.Build.0 = Release|Any CPU
		{71E0EDDE-943A-48B7-9BA8-8CA8E8A383F9}.Release|x64.ActiveCfg = Release|Any CPU
		{71E0EDDE-943A-48B7-9BA8-8CA8E8A383F9}.Release|x64.Build.0 = Release|Any CPU
		{71E0EDDE-943A-48B7-9BA8-8CA8E8A383F9}.Release|x86.ActiveCfg = Release|Any CPU
		{71E0EDDE-943A-48B7-9BA8-8CA8E8A383F9}.Release|x86.Build.0 = Release|Any CPU
		{D4C2DE10-9A70-4696-8ADF-CB291FACE3A5}.Debug|Any CPU.ActiveCfg = Debug|Any CPU
		{D4C2DE10-9A70-4696-8ADF-CB291FACE3A5}.Debug|Any CPU.Build.0 = Debug|Any CPU
		{D4C2DE10-9A70-4696-8ADF-CB291FACE3A5}.Debug|ARM.ActiveCfg = Debug|Any CPU
		{D4C2DE10-9A70-4696-8ADF-CB291FACE3A5}.Debug|ARM.Build.0 = Debug|Any CPU
		{D4C2DE10-9A70-4696-8ADF-CB291FACE3A5}.Debug|ARM64.ActiveCfg = Debug|Any CPU
		{D4C2DE10-9A70-4696-8ADF-CB291FACE3A5}.Debug|ARM64.Build.0 = Debug|Any CPU
		{D4C2DE10-9A70-4696-8ADF-CB291FACE3A5}.Debug|x64.ActiveCfg = Debug|Any CPU
		{D4C2DE10-9A70-4696-8ADF-CB291FACE3A5}.Debug|x64.Build.0 = Debug|Any CPU
		{D4C2DE10-9A70-4696-8ADF-CB291FACE3A5}.Debug|x86.ActiveCfg = Debug|Any CPU
		{D4C2DE10-9A70-4696-8ADF-CB291FACE3A5}.Debug|x86.Build.0 = Debug|Any CPU
		{D4C2DE10-9A70-4696-8ADF-CB291FACE3A5}.Release|Any CPU.ActiveCfg = Release|Any CPU
		{D4C2DE10-9A70-4696-8ADF-CB291FACE3A5}.Release|Any CPU.Build.0 = Release|Any CPU
		{D4C2DE10-9A70-4696-8ADF-CB291FACE3A5}.Release|ARM.ActiveCfg = Release|Any CPU
		{D4C2DE10-9A70-4696-8ADF-CB291FACE3A5}.Release|ARM.Build.0 = Release|Any CPU
		{D4C2DE10-9A70-4696-8ADF-CB291FACE3A5}.Release|ARM64.ActiveCfg = Release|Any CPU
		{D4C2DE10-9A70-4696-8ADF-CB291FACE3A5}.Release|ARM64.Build.0 = Release|Any CPU
		{D4C2DE10-9A70-4696-8ADF-CB291FACE3A5}.Release|x64.ActiveCfg = Release|Any CPU
		{D4C2DE10-9A70-4696-8ADF-CB291FACE3A5}.Release|x64.Build.0 = Release|Any CPU
		{D4C2DE10-9A70-4696-8ADF-CB291FACE3A5}.Release|x86.ActiveCfg = Release|Any CPU
		{D4C2DE10-9A70-4696-8ADF-CB291FACE3A5}.Release|x86.Build.0 = Release|Any CPU
		{9610F50B-D458-459A-BD7C-ACD3B510BE6D}.Debug|Any CPU.ActiveCfg = Debug|Any CPU
		{9610F50B-D458-459A-BD7C-ACD3B510BE6D}.Debug|Any CPU.Build.0 = Debug|Any CPU
		{9610F50B-D458-459A-BD7C-ACD3B510BE6D}.Debug|ARM.ActiveCfg = Debug|Any CPU
		{9610F50B-D458-459A-BD7C-ACD3B510BE6D}.Debug|ARM.Build.0 = Debug|Any CPU
		{9610F50B-D458-459A-BD7C-ACD3B510BE6D}.Debug|ARM64.ActiveCfg = Debug|Any CPU
		{9610F50B-D458-459A-BD7C-ACD3B510BE6D}.Debug|ARM64.Build.0 = Debug|Any CPU
		{9610F50B-D458-459A-BD7C-ACD3B510BE6D}.Debug|x64.ActiveCfg = Debug|Any CPU
		{9610F50B-D458-459A-BD7C-ACD3B510BE6D}.Debug|x64.Build.0 = Debug|Any CPU
		{9610F50B-D458-459A-BD7C-ACD3B510BE6D}.Debug|x86.ActiveCfg = Debug|Any CPU
		{9610F50B-D458-459A-BD7C-ACD3B510BE6D}.Debug|x86.Build.0 = Debug|Any CPU
		{9610F50B-D458-459A-BD7C-ACD3B510BE6D}.Release|Any CPU.ActiveCfg = Release|Any CPU
		{9610F50B-D458-459A-BD7C-ACD3B510BE6D}.Release|Any CPU.Build.0 = Release|Any CPU
		{9610F50B-D458-459A-BD7C-ACD3B510BE6D}.Release|ARM.ActiveCfg = Release|Any CPU
		{9610F50B-D458-459A-BD7C-ACD3B510BE6D}.Release|ARM.Build.0 = Release|Any CPU
		{9610F50B-D458-459A-BD7C-ACD3B510BE6D}.Release|ARM64.ActiveCfg = Release|Any CPU
		{9610F50B-D458-459A-BD7C-ACD3B510BE6D}.Release|ARM64.Build.0 = Release|Any CPU
		{9610F50B-D458-459A-BD7C-ACD3B510BE6D}.Release|x64.ActiveCfg = Release|Any CPU
		{9610F50B-D458-459A-BD7C-ACD3B510BE6D}.Release|x64.Build.0 = Release|Any CPU
		{9610F50B-D458-459A-BD7C-ACD3B510BE6D}.Release|x86.ActiveCfg = Release|Any CPU
		{9610F50B-D458-459A-BD7C-ACD3B510BE6D}.Release|x86.Build.0 = Release|Any CPU
		{BA486DA0-8D96-4F16-9620-32F039322255}.Debug|Any CPU.ActiveCfg = Debug|Any CPU
		{BA486DA0-8D96-4F16-9620-32F039322255}.Debug|Any CPU.Build.0 = Debug|Any CPU
		{BA486DA0-8D96-4F16-9620-32F039322255}.Debug|ARM.ActiveCfg = Debug|Any CPU
		{BA486DA0-8D96-4F16-9620-32F039322255}.Debug|ARM.Build.0 = Debug|Any CPU
		{BA486DA0-8D96-4F16-9620-32F039322255}.Debug|ARM64.ActiveCfg = Debug|Any CPU
		{BA486DA0-8D96-4F16-9620-32F039322255}.Debug|ARM64.Build.0 = Debug|Any CPU
		{BA486DA0-8D96-4F16-9620-32F039322255}.Debug|x64.ActiveCfg = Debug|Any CPU
		{BA486DA0-8D96-4F16-9620-32F039322255}.Debug|x64.Build.0 = Debug|Any CPU
		{BA486DA0-8D96-4F16-9620-32F039322255}.Debug|x86.ActiveCfg = Debug|Any CPU
		{BA486DA0-8D96-4F16-9620-32F039322255}.Debug|x86.Build.0 = Debug|Any CPU
		{BA486DA0-8D96-4F16-9620-32F039322255}.Release|Any CPU.ActiveCfg = Release|Any CPU
		{BA486DA0-8D96-4F16-9620-32F039322255}.Release|Any CPU.Build.0 = Release|Any CPU
		{BA486DA0-8D96-4F16-9620-32F039322255}.Release|ARM.ActiveCfg = Release|Any CPU
		{BA486DA0-8D96-4F16-9620-32F039322255}.Release|ARM.Build.0 = Release|Any CPU
		{BA486DA0-8D96-4F16-9620-32F039322255}.Release|ARM64.ActiveCfg = Release|Any CPU
		{BA486DA0-8D96-4F16-9620-32F039322255}.Release|ARM64.Build.0 = Release|Any CPU
		{BA486DA0-8D96-4F16-9620-32F039322255}.Release|x64.ActiveCfg = Release|Any CPU
		{BA486DA0-8D96-4F16-9620-32F039322255}.Release|x64.Build.0 = Release|Any CPU
		{BA486DA0-8D96-4F16-9620-32F039322255}.Release|x86.ActiveCfg = Release|Any CPU
		{BA486DA0-8D96-4F16-9620-32F039322255}.Release|x86.Build.0 = Release|Any CPU
		{07D09F37-05A4-40C8-B52B-05C794BCE51F}.Debug|Any CPU.ActiveCfg = Debug|Any CPU
		{07D09F37-05A4-40C8-B52B-05C794BCE51F}.Debug|Any CPU.Build.0 = Debug|Any CPU
		{07D09F37-05A4-40C8-B52B-05C794BCE51F}.Debug|ARM.ActiveCfg = Debug|Any CPU
		{07D09F37-05A4-40C8-B52B-05C794BCE51F}.Debug|ARM.Build.0 = Debug|Any CPU
		{07D09F37-05A4-40C8-B52B-05C794BCE51F}.Debug|ARM64.ActiveCfg = Debug|Any CPU
		{07D09F37-05A4-40C8-B52B-05C794BCE51F}.Debug|ARM64.Build.0 = Debug|Any CPU
		{07D09F37-05A4-40C8-B52B-05C794BCE51F}.Debug|x64.ActiveCfg = Debug|Any CPU
		{07D09F37-05A4-40C8-B52B-05C794BCE51F}.Debug|x64.Build.0 = Debug|Any CPU
		{07D09F37-05A4-40C8-B52B-05C794BCE51F}.Debug|x86.ActiveCfg = Debug|Any CPU
		{07D09F37-05A4-40C8-B52B-05C794BCE51F}.Debug|x86.Build.0 = Debug|Any CPU
		{07D09F37-05A4-40C8-B52B-05C794BCE51F}.Release|Any CPU.ActiveCfg = Release|Any CPU
		{07D09F37-05A4-40C8-B52B-05C794BCE51F}.Release|Any CPU.Build.0 = Release|Any CPU
		{07D09F37-05A4-40C8-B52B-05C794BCE51F}.Release|ARM.ActiveCfg = Release|Any CPU
		{07D09F37-05A4-40C8-B52B-05C794BCE51F}.Release|ARM.Build.0 = Release|Any CPU
		{07D09F37-05A4-40C8-B52B-05C794BCE51F}.Release|ARM64.ActiveCfg = Release|Any CPU
		{07D09F37-05A4-40C8-B52B-05C794BCE51F}.Release|ARM64.Build.0 = Release|Any CPU
		{07D09F37-05A4-40C8-B52B-05C794BCE51F}.Release|x64.ActiveCfg = Release|Any CPU
		{07D09F37-05A4-40C8-B52B-05C794BCE51F}.Release|x64.Build.0 = Release|Any CPU
		{07D09F37-05A4-40C8-B52B-05C794BCE51F}.Release|x86.ActiveCfg = Release|Any CPU
		{07D09F37-05A4-40C8-B52B-05C794BCE51F}.Release|x86.Build.0 = Release|Any CPU
		{8D8F7486-9F79-4D36-B196-F1EB4363F4AA}.Debug|Any CPU.ActiveCfg = Debug|Any CPU
		{8D8F7486-9F79-4D36-B196-F1EB4363F4AA}.Debug|Any CPU.Build.0 = Debug|Any CPU
		{8D8F7486-9F79-4D36-B196-F1EB4363F4AA}.Debug|ARM.ActiveCfg = Debug|Any CPU
		{8D8F7486-9F79-4D36-B196-F1EB4363F4AA}.Debug|ARM.Build.0 = Debug|Any CPU
		{8D8F7486-9F79-4D36-B196-F1EB4363F4AA}.Debug|ARM64.ActiveCfg = Debug|Any CPU
		{8D8F7486-9F79-4D36-B196-F1EB4363F4AA}.Debug|ARM64.Build.0 = Debug|Any CPU
		{8D8F7486-9F79-4D36-B196-F1EB4363F4AA}.Debug|x64.ActiveCfg = Debug|Any CPU
		{8D8F7486-9F79-4D36-B196-F1EB4363F4AA}.Debug|x64.Build.0 = Debug|Any CPU
		{8D8F7486-9F79-4D36-B196-F1EB4363F4AA}.Debug|x86.ActiveCfg = Debug|Any CPU
		{8D8F7486-9F79-4D36-B196-F1EB4363F4AA}.Debug|x86.Build.0 = Debug|Any CPU
		{8D8F7486-9F79-4D36-B196-F1EB4363F4AA}.Release|Any CPU.ActiveCfg = Release|Any CPU
		{8D8F7486-9F79-4D36-B196-F1EB4363F4AA}.Release|Any CPU.Build.0 = Release|Any CPU
		{8D8F7486-9F79-4D36-B196-F1EB4363F4AA}.Release|ARM.ActiveCfg = Release|Any CPU
		{8D8F7486-9F79-4D36-B196-F1EB4363F4AA}.Release|ARM.Build.0 = Release|Any CPU
		{8D8F7486-9F79-4D36-B196-F1EB4363F4AA}.Release|ARM64.ActiveCfg = Release|Any CPU
		{8D8F7486-9F79-4D36-B196-F1EB4363F4AA}.Release|ARM64.Build.0 = Release|Any CPU
		{8D8F7486-9F79-4D36-B196-F1EB4363F4AA}.Release|x64.ActiveCfg = Release|Any CPU
		{8D8F7486-9F79-4D36-B196-F1EB4363F4AA}.Release|x64.Build.0 = Release|Any CPU
		{8D8F7486-9F79-4D36-B196-F1EB4363F4AA}.Release|x86.ActiveCfg = Release|Any CPU
		{8D8F7486-9F79-4D36-B196-F1EB4363F4AA}.Release|x86.Build.0 = Release|Any CPU
		{3C0A639A-912D-42C2-A9B4-DC31A669ADB4}.Debug|Any CPU.ActiveCfg = Debug|Any CPU
		{3C0A639A-912D-42C2-A9B4-DC31A669ADB4}.Debug|Any CPU.Build.0 = Debug|Any CPU
		{3C0A639A-912D-42C2-A9B4-DC31A669ADB4}.Debug|ARM.ActiveCfg = Debug|Any CPU
		{3C0A639A-912D-42C2-A9B4-DC31A669ADB4}.Debug|ARM.Build.0 = Debug|Any CPU
		{3C0A639A-912D-42C2-A9B4-DC31A669ADB4}.Debug|ARM64.ActiveCfg = Debug|Any CPU
		{3C0A639A-912D-42C2-A9B4-DC31A669ADB4}.Debug|ARM64.Build.0 = Debug|Any CPU
		{3C0A639A-912D-42C2-A9B4-DC31A669ADB4}.Debug|x64.ActiveCfg = Debug|Any CPU
		{3C0A639A-912D-42C2-A9B4-DC31A669ADB4}.Debug|x64.Build.0 = Debug|Any CPU
		{3C0A639A-912D-42C2-A9B4-DC31A669ADB4}.Debug|x86.ActiveCfg = Debug|Any CPU
		{3C0A639A-912D-42C2-A9B4-DC31A669ADB4}.Debug|x86.Build.0 = Debug|Any CPU
		{3C0A639A-912D-42C2-A9B4-DC31A669ADB4}.Release|Any CPU.ActiveCfg = Release|Any CPU
		{3C0A639A-912D-42C2-A9B4-DC31A669ADB4}.Release|Any CPU.Build.0 = Release|Any CPU
		{3C0A639A-912D-42C2-A9B4-DC31A669ADB4}.Release|ARM.ActiveCfg = Release|Any CPU
		{3C0A639A-912D-42C2-A9B4-DC31A669ADB4}.Release|ARM.Build.0 = Release|Any CPU
		{3C0A639A-912D-42C2-A9B4-DC31A669ADB4}.Release|ARM64.ActiveCfg = Release|Any CPU
		{3C0A639A-912D-42C2-A9B4-DC31A669ADB4}.Release|ARM64.Build.0 = Release|Any CPU
		{3C0A639A-912D-42C2-A9B4-DC31A669ADB4}.Release|x64.ActiveCfg = Release|Any CPU
		{3C0A639A-912D-42C2-A9B4-DC31A669ADB4}.Release|x64.Build.0 = Release|Any CPU
		{3C0A639A-912D-42C2-A9B4-DC31A669ADB4}.Release|x86.ActiveCfg = Release|Any CPU
		{3C0A639A-912D-42C2-A9B4-DC31A669ADB4}.Release|x86.Build.0 = Release|Any CPU
		{466B2FFC-C1BD-451A-B8BD-507E419A478A}.Debug|Any CPU.ActiveCfg = Debug|Any CPU
		{466B2FFC-C1BD-451A-B8BD-507E419A478A}.Debug|Any CPU.Build.0 = Debug|Any CPU
		{466B2FFC-C1BD-451A-B8BD-507E419A478A}.Debug|ARM.ActiveCfg = Debug|Any CPU
		{466B2FFC-C1BD-451A-B8BD-507E419A478A}.Debug|ARM.Build.0 = Debug|Any CPU
		{466B2FFC-C1BD-451A-B8BD-507E419A478A}.Debug|ARM64.ActiveCfg = Debug|Any CPU
		{466B2FFC-C1BD-451A-B8BD-507E419A478A}.Debug|ARM64.Build.0 = Debug|Any CPU
		{466B2FFC-C1BD-451A-B8BD-507E419A478A}.Debug|x64.ActiveCfg = Debug|Any CPU
		{466B2FFC-C1BD-451A-B8BD-507E419A478A}.Debug|x64.Build.0 = Debug|Any CPU
		{466B2FFC-C1BD-451A-B8BD-507E419A478A}.Debug|x86.ActiveCfg = Debug|Any CPU
		{466B2FFC-C1BD-451A-B8BD-507E419A478A}.Debug|x86.Build.0 = Debug|Any CPU
		{466B2FFC-C1BD-451A-B8BD-507E419A478A}.Release|Any CPU.ActiveCfg = Release|Any CPU
		{466B2FFC-C1BD-451A-B8BD-507E419A478A}.Release|Any CPU.Build.0 = Release|Any CPU
		{466B2FFC-C1BD-451A-B8BD-507E419A478A}.Release|ARM.ActiveCfg = Release|Any CPU
		{466B2FFC-C1BD-451A-B8BD-507E419A478A}.Release|ARM.Build.0 = Release|Any CPU
		{466B2FFC-C1BD-451A-B8BD-507E419A478A}.Release|ARM64.ActiveCfg = Release|Any CPU
		{466B2FFC-C1BD-451A-B8BD-507E419A478A}.Release|ARM64.Build.0 = Release|Any CPU
		{466B2FFC-C1BD-451A-B8BD-507E419A478A}.Release|x64.ActiveCfg = Release|Any CPU
		{466B2FFC-C1BD-451A-B8BD-507E419A478A}.Release|x64.Build.0 = Release|Any CPU
		{466B2FFC-C1BD-451A-B8BD-507E419A478A}.Release|x86.ActiveCfg = Release|Any CPU
		{466B2FFC-C1BD-451A-B8BD-507E419A478A}.Release|x86.Build.0 = Release|Any CPU
		{416CEE59-F66F-4606-AEA0-93DE786EA062}.Debug|Any CPU.ActiveCfg = Debug|Any CPU
		{416CEE59-F66F-4606-AEA0-93DE786EA062}.Debug|Any CPU.Build.0 = Debug|Any CPU
		{416CEE59-F66F-4606-AEA0-93DE786EA062}.Debug|ARM.ActiveCfg = Debug|Any CPU
		{416CEE59-F66F-4606-AEA0-93DE786EA062}.Debug|ARM.Build.0 = Debug|Any CPU
		{416CEE59-F66F-4606-AEA0-93DE786EA062}.Debug|ARM64.ActiveCfg = Debug|Any CPU
		{416CEE59-F66F-4606-AEA0-93DE786EA062}.Debug|ARM64.Build.0 = Debug|Any CPU
		{416CEE59-F66F-4606-AEA0-93DE786EA062}.Debug|x64.ActiveCfg = Debug|Any CPU
		{416CEE59-F66F-4606-AEA0-93DE786EA062}.Debug|x64.Build.0 = Debug|Any CPU
		{416CEE59-F66F-4606-AEA0-93DE786EA062}.Debug|x86.ActiveCfg = Debug|Any CPU
		{416CEE59-F66F-4606-AEA0-93DE786EA062}.Debug|x86.Build.0 = Debug|Any CPU
		{416CEE59-F66F-4606-AEA0-93DE786EA062}.Release|Any CPU.ActiveCfg = Release|Any CPU
		{416CEE59-F66F-4606-AEA0-93DE786EA062}.Release|Any CPU.Build.0 = Release|Any CPU
		{416CEE59-F66F-4606-AEA0-93DE786EA062}.Release|ARM.ActiveCfg = Release|Any CPU
		{416CEE59-F66F-4606-AEA0-93DE786EA062}.Release|ARM.Build.0 = Release|Any CPU
		{416CEE59-F66F-4606-AEA0-93DE786EA062}.Release|ARM64.ActiveCfg = Release|Any CPU
		{416CEE59-F66F-4606-AEA0-93DE786EA062}.Release|ARM64.Build.0 = Release|Any CPU
		{416CEE59-F66F-4606-AEA0-93DE786EA062}.Release|x64.ActiveCfg = Release|Any CPU
		{416CEE59-F66F-4606-AEA0-93DE786EA062}.Release|x64.Build.0 = Release|Any CPU
		{416CEE59-F66F-4606-AEA0-93DE786EA062}.Release|x86.ActiveCfg = Release|Any CPU
		{416CEE59-F66F-4606-AEA0-93DE786EA062}.Release|x86.Build.0 = Release|Any CPU
	EndGlobalSection
	GlobalSection(SolutionProperties) = preSolution
		HideSolutionNode = FALSE
	EndGlobalSection
	GlobalSection(NestedProjects) = preSolution
		{2EE5C454-61EE-440F-A3E3-F7A4FC7827CE} = {A8B7B77B-A480-45F8-A09C-A7E47F16E9E8}
	EndGlobalSection
	GlobalSection(ExtensibilityGlobals) = postSolution
		SolutionGuid = {2C8B4780-B0AE-4962-97E1-0BFEC30FAF24}
	EndGlobalSection
EndGlobal
