
Microsoft Visual Studio Solution File, Format Version 12.00
# Visual Studio Version 16
VisualStudioVersion = 16.0.31702.278
MinimumVisualStudioVersion = 10.0.40219.1
Project("{FAE04EC0-301F-11D3-BF4B-00C04F79EFBC}") = "Sassa.Reports", "Sassa.Reports\Sassa.Reports.csproj", "{C8756D6B-9543-4745-8396-A17D9D703B9E}"
EndProject
Global
	GlobalSection(SolutionConfigurationPlatforms) = preSolution
		Debug|Any CPU = Debug|Any CPU
		Release|Any CPU = Release|Any CPU
	EndGlobalSection
	GlobalSection(ProjectConfigurationPlatforms) = postSolution
		{C8756D6B-9543-4745-8396-A17D9D703B9E}.Debug|Any CPU.ActiveCfg = Debug|Any CPU
		{C8756D6B-9543-4745-8396-A17D9D703B9E}.Debug|Any CPU.Build.0 = Debug|Any CPU
		{C8756D6B-9543-4745-8396-A17D9D703B9E}.Release|Any CPU.ActiveCfg = Release|Any CPU
		{C8756D6B-9543-4745-8396-A17D9D703B9E}.Release|Any CPU.Build.0 = Release|Any CPU
	EndGlobalSection
	GlobalSection(SolutionProperties) = preSolution
		HideSolutionNode = FALSE
	EndGlobalSection
	GlobalSection(ExtensibilityGlobals) = postSolution
		SolutionGuid = {E7A7B0A4-36FE-4F6B-AA03-0EC388A2FE84}
	EndGlobalSection
EndGlobal
